# Heyaki security tooling pin (M9-14 secret scan).
#
# Format: tool|version|download-url|sha256
#
# The digest is the upstream release checksum (gitleaks_8.24.3_checksums.txt,
# linux_x64 entry) and also matches the tarball fetched over TLS. The scan
# driver verifies it before executing the binary.

gitleaks|8.24.3|https://github.com/gitleaks/gitleaks/releases/download/v8.24.3/gitleaks_8.24.3_linux_x64.tar.gz|9991e0b2903da4c8f6122b5c3186448b927a5da4deef1fe45271c3793f4ee29c
